
Microsoft Visual Studio Solution File, Format Version 12.00
# Visual Studio Version 17
VisualStudioVersion = 17.10.35013.160
MinimumVisualStudioVersion = 10.0.40219.1
Project("{8BC9CEB8-8B4A-11D0-8D11-00A0C91BC942}") = "Semana10 - Ciclo1", "Semana10 - Ciclo1\Semana10 - Ciclo1.vcxproj", "{FCD5EFC4-DB3F-43CE-96C6-E2E8F9EF5EA4}"
EndProject
Global
	GlobalSection(SolutionConfigurationPlatforms) = preSolution
		Debug|x64 = Debug|x64
		Debug|x86 = Debug|x86
		Release|x64 = Release|x64
		Release|x86 = Release|x86
	EndGlobalSection
	GlobalSection(ProjectConfigurationPlatforms) = postSolution
		{FCD5EFC4-DB3F-43CE-96C6-E2E8F9EF5EA4}.Debug|x64.ActiveCfg = Debug|x64
		{FCD5EFC4-DB3F-43CE-96C6-E2E8F9EF5EA4}.Debug|x64.Build.0 = Debug|x64
		{FCD5EFC4-DB3F-43CE-96C6-E2E8F9EF5EA4}.Debug|x86.ActiveCfg = Debug|Win32
		{FCD5EFC4-DB3F-43CE-96C6-E2E8F9EF5EA4}.Debug|x86.Build.0 = Debug|Win32
		{FCD5EFC4-DB3F-43CE-96C6-E2E8F9EF5EA4}.Release|x64.ActiveCfg = Release|x64
		{FCD5EFC4-DB3F-43CE-96C6-E2E8F9EF5EA4}.Release|x64.Build.0 = Release|x64
		{FCD5EFC4-DB3F-43CE-96C6-E2E8F9EF5EA4}.Release|x86.ActiveCfg = Release|Win32
		{FCD5EFC4-DB3F-43CE-96C6-E2E8F9EF5EA4}.Release|x86.Build.0 = Release|Win32
	EndGlobalSection
	GlobalSection(SolutionProperties) = preSolution
		HideSolutionNode = FALSE
	EndGlobalSection
	GlobalSection(ExtensibilityGlobals) = postSolution
		SolutionGuid = {F7882E42-E9B6-4CC0-BD28-F0FD902FF0B0}
	EndGlobalSection
EndGlobal
